// !$*UTF8*$!
{
	archiveVersion = 1;
	classes = {
	};
	objectVersion = 74;
	objects = {

/* Begin PBXContainerItemProxy section */
		BFE88A1F2C526EA300803443 /* PBXContainerItemProxy */ = {
			isa = PBXContainerItemProxy;
			containerPortal = BFE889F82C526EA100803443 /* Project object */;
			proxyType = 1;
			remoteGlobalIDString = BFE889FF2C526EA100803443;
			remoteInfo = "MRTodo-OC";
		};
		BFE88A292C526EA300803443 /* PBXContainerItemProxy */ = {
			isa = PBXContainerItemProxy;
			containerPortal = BFE889F82C526EA100803443 /* Project object */;
			proxyType = 1;
			remoteGlobalIDString = BFE889FF2C526EA100803443;
			remoteInfo = "MRTodo-OC";
		};
/* End PBXContainerItemProxy section */

/* Begin PBXFileReference section */
		BFE88A002C526EA100803443 /* MRTodo-OC.app */ = {isa = PBXFileReference; explicitFileType = wrapper.application; includeInIndex = 0; path = "MRTodo-OC.app"; sourceTree = BUILT_PRODUCTS_DIR; };
		BFE88A1E2C526EA300803443 /* MRTodo-OCTests.xctest */ = {isa = PBXFileReference; explicitFileType = wrapper.cfbundle; includeInIndex = 0; path = "MRTodo-OCTests.xctest"; sourceTree = BUILT_PRODUCTS_DIR; };
		BFE88A282C526EA300803443 /* MRTodo-OCUITests.xctest */ = {isa = PBXFileReference; explicitFileType = wrapper.cfbundle; includeInIndex = 0; path = "MRTodo-OCUITests.xctest"; sourceTree = BUILT_PRODUCTS_DIR; };
/* End PBXFileReference section */

/* Begin PBXFileSystemSynchronizedBuildFileExceptionSet section */
		BFE88A302C526EA300803443 /* PBXFileSystemSynchronizedBuildFileExceptionSet */ = {
			isa = PBXFileSystemSynchronizedBuildFileExceptionSet;
			membershipExceptions = (
				/Localized/LaunchScreen.storyboard,
				/Localized/Main.storyboard,
				Info.plist,
			);
			target = BFE889FF2C526EA100803443 /* MRTodo-OC */;
		};
/* End PBXFileSystemSynchronizedBuildFileExceptionSet section */

/* Begin PBXFileSystemSynchronizedGroupBuildPhaseMembershipExceptionSet section */
		BFE88A342C526EA300803443 /* PBXFileSystemSynchronizedGroupBuildPhaseMembershipExceptionSet */ = {
			isa = PBXFileSystemSynchronizedGroupBuildPhaseMembershipExceptionSet;
			buildPhase = BFE889FE2C526EA100803443 /* Resources */;
			membershipExceptions = (
				Base.lproj/LaunchScreen.storyboard,
				Base.lproj/Main.storyboard,
			);
		};
/* End PBXFileSystemSynchronizedGroupBuildPhaseMembershipExceptionSet section */

/* Begin PBXFileSystemSynchronizedRootGroup section */
		BFE88A022C526EA100803443 /* MRTodo-OC */ = {isa = PBXFileSystemSynchronizedRootGroup; exceptions = (BFE88A302C526EA300803443 /* PBXFileSystemSynchronizedBuildFileExceptionSet */, BFE88A342C526EA300803443 /* PBXFileSystemSynchronizedGroupBuildPhaseMembershipExceptionSet */, ); explicitFileTypes = {}; explicitFolders = (); path = "MRTodo-OC"; sourceTree = "<group>"; };
		BFE88A212C526EA300803443 /* MRTodo-OCTests */ = {isa = PBXFileSystemSynchronizedRootGroup; explicitFileTypes = {}; explicitFolders = (); path = "MRTodo-OCTests"; sourceTree = "<group>"; };
		BFE88A2B2C526EA300803443 /* MRTodo-OCUITests */ = {isa = PBXFileSystemSynchronizedRootGroup; explicitFileTypes = {}; explicitFolders = (); path = "MRTodo-OCUITests"; sourceTree = "<group>"; };
/* End PBXFileSystemSynchronizedRootGroup section */

/* Begin PBXFrameworksBuildPhase section */
		BFE889FD2C526EA100803443 /* Frameworks */ = {
			isa = PBXFrameworksBuildPhase;
			buildActionMask = 2147483647;
			files = (
			);
			runOnlyForDeploymentPostprocessing = 0;
		};
		BFE88A1B2C526EA300803443 /* Frameworks */ = {
			isa = PBXFrameworksBuildPhase;
			buildActionMask = 2147483647;
			files = (
			);
			runOnlyForDeploymentPostprocessing = 0;
		};
		BFE88A252C526EA300803443 /* Frameworks */ = {
			isa = PBXFrameworksBuildPhase;
			buildActionMask = 2147483647;
			files = (
			);
			runOnlyForDeploymentPostprocessing = 0;
		};
/* End PBXFrameworksBuildPhase section */

/* Begin PBXGroup section */
		BFE889F72C526EA100803443 = {
			isa = PBXGroup;
			children = (
				BFE88A022C526EA100803443 /* MRTodo-OC */,
				BFE88A212C526EA300803443 /* MRTodo-OCTests */,
				BFE88A2B2C526EA300803443 /* MRTodo-OCUITests */,
				BFE88A012C526EA100803443 /* Products */,
			);
			sourceTree = "<group>";
		};
		BFE88A012C526EA100803443 /* Products */ = {
			isa = PBXGroup;
			children = (
				BFE88A002C526EA100803443 /* MRTodo-OC.app */,
				BFE88A1E2C526EA300803443 /* MRTodo-OCTests.xctest */,
				BFE88A282C526EA300803443 /* MRTodo-OCUITests.xctest */,
			);
			name = Products;
			sourceTree = "<group>";
		};
/* End PBXGroup section */

/* Begin PBXNativeTarget section */
		BFE889FF2C526EA100803443 /* MRTodo-OC */ = {
			isa = PBXNativeTarget;
			buildConfigurationList = BFE88A312C526EA300803443 /* Build configuration list for PBXNativeTarget "MRTodo-OC" */;
			buildPhases = (
				BFE889FC2C526EA100803443 /* Sources */,
				BFE889FD2C526EA100803443 /* Frameworks */,
				BFE889FE2C526EA100803443 /* Resources */,
			);
			buildRules = (
			);
			dependencies = (
			);
			fileSystemSynchronizedGroups = (
				BFE88A022C526EA100803443 /* MRTodo-OC */,
			);
			name = "MRTodo-OC";
			packageProductDependencies = (
			);
			productName = "MRTodo-OC";
			productReference = BFE88A002C526EA100803443 /* MRTodo-OC.app */;
			productType = "com.apple.product-type.application";
		};
		BFE88A1D2C526EA300803443 /* MRTodo-OCTests */ = {
			isa = PBXNativeTarget;
			buildConfigurationList = BFE88A372C526EA300803443 /* Build configuration list for PBXNativeTarget "MRTodo-OCTests" */;
			buildPhases = (
				BFE88A1A2C526EA300803443 /* Sources */,
				BFE88A1B2C526EA300803443 /* Frameworks */,
				BFE88A1C2C526EA300803443 /* Resources */,
			);
			buildRules = (
			);
			dependencies = (
				BFE88A202C526EA300803443 /* PBXTargetDependency */,
			);
			fileSystemSynchronizedGroups = (
				BFE88A212C526EA300803443 /* MRTodo-OCTests */,
			);
			name = "MRTodo-OCTests";
			packageProductDependencies = (
			);
			productName = "MRTodo-OCTests";
			productReference = BFE88A1E2C526EA300803443 /* MRTodo-OCTests.xctest */;
			productType = "com.apple.product-type.bundle.unit-test";
		};
		BFE88A272C526EA300803443 /* MRTodo-OCUITests */ = {
			isa = PBXNativeTarget;
			buildConfigurationList = BFE88A3A2C526EA300803443 /* Build configuration list for PBXNativeTarget "MRTodo-OCUITests" */;
			buildPhases = (
				BFE88A242C526EA300803443 /* Sources */,
				BFE88A252C526EA300803443 /* Frameworks */,
				BFE88A262C526EA300803443 /* Resources */,
			);
			buildRules = (
			);
			dependencies = (
				BFE88A2A2C526EA300803443 /* PBXTargetDependency */,
			);
			fileSystemSynchronizedGroups = (
				BFE88A2B2C526EA300803443 /* MRTodo-OCUITests */,
			);
			name = "MRTodo-OCUITests";
			packageProductDependencies = (
			);
			productName = "MRTodo-OCUITests";
			productReference = BFE88A282C526EA300803443 /* MRTodo-OCUITests.xctest */;
			productType = "com.apple.product-type.bundle.ui-testing";
		};
/* End PBXNativeTarget section */

/* Begin PBXProject section */
		BFE889F82C526EA100803443 /* Project object */ = {
			isa = PBXProject;
			attributes = {
				BuildIndependentTargetsInParallel = 1;
				LastUpgradeCheck = 1600;
				TargetAttributes = {
					BFE889FF2C526EA100803443 = {
						CreatedOnToolsVersion = 16.0;
					};
					BFE88A1D2C526EA300803443 = {
						CreatedOnToolsVersion = 16.0;
						TestTargetID = BFE889FF2C526EA100803443;
					};
					BFE88A272C526EA300803443 = {
						CreatedOnToolsVersion = 16.0;
						TestTargetID = BFE889FF2C526EA100803443;
					};
				};
			};
			buildConfigurationList = BFE889FB2C526EA100803443 /* Build configuration list for PBXProject "MRTodo-OC" */;
			developmentRegion = en;
			hasScannedForEncodings = 0;
			knownRegions = (
				en,
				Base,
			);
			mainGroup = BFE889F72C526EA100803443;
			preferredProjectObjectVersion = 60;
			productRefGroup = BFE88A012C526EA100803443 /* Products */;
			projectDirPath = "";
			projectRoot = "";
			targets = (
				BFE889FF2C526EA100803443 /* MRTodo-OC */,
				BFE88A1D2C526EA300803443 /* MRTodo-OCTests */,
				BFE88A272C526EA300803443 /* MRTodo-OCUITests */,
			);
		};
/* End PBXProject section */

/* Begin PBXResourcesBuildPhase section */
		BFE889FE2C526EA100803443 /* Resources */ = {
			isa = PBXResourcesBuildPhase;
			buildActionMask = 2147483647;
			files = (
			);
			runOnlyForDeploymentPostprocessing = 0;
		};
		BFE88A1C2C526EA300803443 /* Resources */ = {
			isa = PBXResourcesBuildPhase;
			buildActionMask = 2147483647;
			files = (
			);
			runOnlyForDeploymentPostprocessing = 0;
		};
		BFE88A262C526EA300803443 /* Resources */ = {
			isa = PBXResourcesBuildPhase;
			buildActionMask = 2147483647;
			files = (
			);
			runOnlyForDeploymentPostprocessing = 0;
		};
/* End PBXResourcesBuildPhase section */

/* Begin PBXSourcesBuildPhase section */
		BFE889FC2C526EA100803443 /* Sources */ = {
			isa = PBXSourcesBuildPhase;
			buildActionMask = 2147483647;
			files = (
			);
			runOnlyForDeploymentPostprocessing = 0;
		};
		BFE88A1A2C526EA300803443 /* Sources */ = {
			isa = PBXSourcesBuildPhase;
			buildActionMask = 2147483647;
			files = (
			);
			runOnlyForDeploymentPostprocessing = 0;
		};
		BFE88A242C526EA300803443 /* Sources */ = {
			isa = PBXSourcesBuildPhase;
			buildActionMask = 2147483647;
			files = (
			);
			runOnlyForDeploymentPostprocessing = 0;
		};
/* End PBXSourcesBuildPhase section */

/* Begin PBXTargetDependency section */
		BFE88A202C526EA300803443 /* PBXTargetDependency */ = {
			isa = PBXTargetDependency;
			target = BFE889FF2C526EA100803443 /* MRTodo-OC */;
			targetProxy = BFE88A1F2C526EA300803443 /* PBXContainerItemProxy */;
		};
		BFE88A2A2C526EA300803443 /* PBXTargetDependency */ = {
			isa = PBXTargetDependency;
			target = BFE889FF2C526EA100803443 /* MRTodo-OC */;
			targetProxy = BFE88A292C526EA300803443 /* PBXContainerItemProxy */;
		};
/* End PBXTargetDependency section */

/* Begin XCBuildConfiguration section */
		BFE88A322C526EA300803443 /* Debug */ = {
			isa = XCBuildConfiguration;
			buildSettings = {
				ASSETCATALOG_COMPILER_APPICON_NAME = AppIcon;
				ASSETCATALOG_COMPILER_GLOBAL_ACCENT_COLOR_NAME = AccentColor;
				CODE_SIGN_STYLE = Automatic;
				CURRENT_PROJECT_VERSION = 1;
				DEVELOPMENT_TEAM = K94469B6F2;
				GENERATE_INFOPLIST_FILE = YES;
				INFOPLIST_FILE = "MRTodo-OC/Info.plist";
				INFOPLIST_KEY_CFBundleDisplayName = MRTodo;
				INFOPLIST_KEY_UIApplicationSupportsIndirectInputEvents = YES;
				INFOPLIST_KEY_UILaunchStoryboardName = LaunchScreen;
				INFOPLIST_KEY_UIMainStoryboardFile = Main;
				INFOPLIST_KEY_UISupportedInterfaceOrientations_iPad = "UIInterfaceOrientationPortrait UIInterfaceOrientationPortraitUpsideDown UIInterfaceOrientationLandscapeLeft UIInterfaceOrientationLandscapeRight";
				INFOPLIST_KEY_UISupportedInterfaceOrientations_iPhone = "UIInterfaceOrientationPortrait UIInterfaceOrientationLandscapeLeft UIInterfaceOrientationLandscapeRight";
				IPHONEOS_DEPLOYMENT_TARGET = 17.0;
				LD_RUNPATH_SEARCH_PATHS = (
					"$(inherited)",
					"@executable_path/Frameworks",
				);
				MARKETING_VERSION = 1.0;
				PRODUCT_BUNDLE_IDENTIFIER = MrSouthWall.MRTodo;
				PRODUCT_NAME = "$(TARGET_NAME)";
				SWIFT_EMIT_LOC_STRINGS = YES;
				TARGETED_DEVICE_FAMILY = "1,2";
			};
			name = Debug;
		};
		BFE88A332C526EA300803443 /* Release */ = {
			isa = XCBuildConfiguration;
			buildSettings = {
				ASSETCATALOG_COMPILER_APPICON_NAME = AppIcon;
				ASSETCATALOG_COMPILER_GLOBAL_ACCENT_COLOR_NAME = AccentColor;
				CODE_SIGN_STYLE = Automatic;
				CURRENT_PROJECT_VERSION = 1;
				DEVELOPMENT_TEAM = K94469B6F2;
				GENERATE_INFOPLIST_FILE = YES;
				INFOPLIST_FILE = "MRTodo-OC/Info.plist";
				INFOPLIST_KEY_CFBundleDisplayName = MRTodo;
				INFOPLIST_KEY_UIApplicationSupportsIndirectInputEvents = YES;
				INFOPLIST_KEY_UILaunchStoryboardName = LaunchScreen;
				INFOPLIST_KEY_UIMainStoryboardFile = Main;
				INFOPLIST_KEY_UISupportedInterfaceOrientations_iPad = "UIInterfaceOrientationPortrait UIInterfaceOrientationPortraitUpsideDown UIInterfaceOrientationLandscapeLeft UIInterfaceOrientationLandscapeRight";
				INFOPLIST_KEY_UISupportedInterfaceOrientations_iPhone = "UIInterfaceOrientationPortrait UIInterfaceOrientationLandscapeLeft UIInterfaceOrientationLandscapeRight";
				IPHONEOS_DEPLOYMENT_TARGET = 17.0;
				LD_RUNPATH_SEARCH_PATHS = (
					"$(inherited)",
					"@executable_path/Frameworks",
				);
				MARKETING_VERSION = 1.0;
				PRODUCT_BUNDLE_IDENTIFIER = MrSouthWall.MRTodo;
				PRODUCT_NAME = "$(TARGET_NAME)";
				SWIFT_EMIT_LOC_STRINGS = YES;
				TARGETED_DEVICE_FAMILY = "1,2";
			};
			name = Release;
		};
		BFE88A352C526EA300803443 /* Debug */ = {
			isa = XCBuildConfiguration;
			buildSettings = {
				ALWAYS_SEARCH_USER_PATHS = NO;
				ASSETCATALOG_COMPILER_GENERATE_SWIFT_ASSET_SYMBOL_EXTENSIONS = YES;
				CLANG_ANALYZER_NONNULL = YES;
				CLANG_ANALYZER_NUMBER_OBJECT_CONVERSION = YES_AGGRESSIVE;
				CLANG_CXX_LANGUAGE_STANDARD = "gnu++20";
				CLANG_ENABLE_MODULES = YES;
				CLANG_ENABLE_OBJC_ARC = YES;
				CLANG_ENABLE_OBJC_WEAK = YES;
				CLANG_WARN_BLOCK_CAPTURE_AUTORELEASING = YES;
				CLANG_WARN_BOOL_CONVERSION = YES;
				CLANG_WARN_COMMA = YES;
				CLANG_WARN_CONSTANT_CONVERSION = YES;
				CLANG_WARN_DEPRECATED_OBJC_IMPLEMENTATIONS = YES;
				CLANG_WARN_DIRECT_OBJC_ISA_USAGE = YES_ERROR;
				CLANG_WARN_DOCUMENTATION_COMMENTS = YES;
				CLANG_WARN_EMPTY_BODY = YES;
				CLANG_WARN_ENUM_CONVERSION = YES;
				CLANG_WARN_INFINITE_RECURSION = YES;
				CLANG_WARN_INT_CONVERSION = YES;
				CLANG_WARN_NON_LITERAL_NULL_CONVERSION = YES;
				CLANG_WARN_OBJC_IMPLICIT_RETAIN_SELF = YES;
				CLANG_WARN_OBJC_LITERAL_CONVERSION = YES;
				CLANG_WARN_OBJC_ROOT_CLASS = YES_ERROR;
				CLANG_WARN_QUOTED_INCLUDE_IN_FRAMEWORK_HEADER = YES;
				CLANG_WARN_RANGE_LOOP_ANALYSIS = YES;
				CLANG_WARN_STRICT_PROTOTYPES = YES;
				CLANG_WARN_SUSPICIOUS_MOVE = YES;
				CLANG_WARN_UNGUARDED_AVAILABILITY = YES_AGGRESSIVE;
				CLANG_WARN_UNREACHABLE_CODE = YES;
				CLANG_WARN__DUPLICATE_METHOD_MATCH = YES;
				COPY_PHASE_STRIP = NO;
				DEBUG_INFORMATION_FORMAT = dwarf;
				ENABLE_STRICT_OBJC_MSGSEND = YES;
				ENABLE_TESTABILITY = YES;
				ENABLE_USER_SCRIPT_SANDBOXING = YES;
				GCC_C_LANGUAGE_STANDARD = gnu17;
				GCC_DYNAMIC_NO_PIC = NO;
				GCC_NO_COMMON_BLOCKS = YES;
				GCC_OPTIMIZATION_LEVEL = 0;
				GCC_PREPROCESSOR_DEFINITIONS = (
					"DEBUG=1",
					"$(inherited)",
				);
				GCC_WARN_64_TO_32_BIT_CONVERSION = YES;
				GCC_WARN_ABOUT_RETURN_TYPE = YES_ERROR;
				GCC_WARN_UNDECLARED_SELECTOR = YES;
				GCC_WARN_UNINITIALIZED_AUTOS = YES_AGGRESSIVE;
				GCC_WARN_UNUSED_FUNCTION = YES;
				GCC_WARN_UNUSED_VARIABLE = YES;
				IPHONEOS_DEPLOYMENT_TARGET = 18.0;
				LOCALIZATION_PREFERS_STRING_CATALOGS = YES;
				MTL_ENABLE_DEBUG_INFO = INCLUDE_SOURCE;
				MTL_FAST_MATH = YES;
				ONLY_ACTIVE_ARCH = YES;
				SDKROOT = iphoneos;
			};
			name = Debug;
		};
		BFE88A362C526EA300803443 /* Release */ = {
			isa = XCBuildConfiguration;
			buildSettings = {
				ALWAYS_SEARCH_USER_PATHS = NO;
				ASSETCATALOG_COMPILER_GENERATE_SWIFT_ASSET_SYMBOL_EXTENSIONS = YES;
				CLANG_ANALYZER_NONNULL = YES;
				CLANG_ANALYZER_NUMBER_OBJECT_CONVERSION = YES_AGGRESSIVE;
				CLANG_CXX_LANGUAGE_STANDARD = "gnu++20";
				CLANG_ENABLE_MODULES = YES;
				CLANG_ENABLE_OBJC_ARC = YES;
				CLANG_ENABLE_OBJC_WEAK = YES;
				CLANG_WARN_BLOCK_CAPTURE_AUTORELEASING = YES;
				CLANG_WARN_BOOL_CONVERSION = YES;
				CLANG_WARN_COMMA = YES;
				CLANG_WARN_CONSTANT_CONVERSION = YES;
				CLANG_WARN_DEPRECATED_OBJC_IMPLEMENTATIONS = YES;
				CLANG_WARN_DIRECT_OBJC_ISA_USAGE = YES_ERROR;
				CLANG_WARN_DOCUMENTATION_COMMENTS = YES;
				CLANG_WARN_EMPTY_BODY = YES;
				CLANG_WARN_ENUM_CONVERSION = YES;
				CLANG_WARN_INFINITE_RECURSION = YES;
				CLANG_WARN_INT_CONVERSION = YES;
				CLANG_WARN_NON_LITERAL_NULL_CONVERSION = YES;
				CLANG_WARN_OBJC_IMPLICIT_RETAIN_SELF = YES;
				CLANG_WARN_OBJC_LITERAL_CONVERSION = YES;
				CLANG_WARN_OBJC_ROOT_CLASS = YES_ERROR;
				CLANG_WARN_QUOTED_INCLUDE_IN_FRAMEWORK_HEADER = YES;
				CLANG_WARN_RANGE_LOOP_ANALYSIS = YES;
				CLANG_WARN_STRICT_PROTOTYPES = YES;
				CLANG_WARN_SUSPICIOUS_MOVE = YES;
				CLANG_WARN_UNGUARDED_AVAILABILITY = YES_AGGRESSIVE;
				CLANG_WARN_UNREACHABLE_CODE = YES;
				CLANG_WARN__DUPLICATE_METHOD_MATCH = YES;
				COPY_PHASE_STRIP = NO;
				DEBUG_INFORMATION_FORMAT = "dwarf-with-dsym";
				ENABLE_NS_ASSERTIONS = NO;
				ENABLE_STRICT_OBJC_MSGSEND = YES;
				ENABLE_USER_SCRIPT_SANDBOXING = YES;
				GCC_C_LANGUAGE_STANDARD = gnu17;
				GCC_NO_COMMON_BLOCKS = YES;
				GCC_WARN_64_TO_32_BIT_CONVERSION = YES;
				GCC_WARN_ABOUT_RETURN_TYPE = YES_ERROR;
				GCC_WARN_UNDECLARED_SELECTOR = YES;
				GCC_WARN_UNINITIALIZED_AUTOS = YES_AGGRESSIVE;
				GCC_WARN_UNUSED_FUNCTION = YES;
				GCC_WARN_UNUSED_VARIABLE = YES;
				IPHONEOS_DEPLOYMENT_TARGET = 18.0;
				LOCALIZATION_PREFERS_STRING_CATALOGS = YES;
				MTL_ENABLE_DEBUG_INFO = NO;
				MTL_FAST_MATH = YES;
				SDKROOT = iphoneos;
				VALIDATE_PRODUCT = YES;
			};
			name = Release;
		};
		BFE88A382C526EA300803443 /* Debug */ = {
			isa = XCBuildConfiguration;
			buildSettings = {
				BUNDLE_LOADER = "$(TEST_HOST)";
				CODE_SIGN_STYLE = Automatic;
				CURRENT_PROJECT_VERSION = 1;
				DEVELOPMENT_TEAM = K94469B6F2;
				GENERATE_INFOPLIST_FILE = YES;
				IPHONEOS_DEPLOYMENT_TARGET = 18.0;
				MARKETING_VERSION = 1.0;
				PRODUCT_BUNDLE_IDENTIFIER = "MrSouthWall.MRTodo-OCTests";
				PRODUCT_NAME = "$(TARGET_NAME)";
				SWIFT_EMIT_LOC_STRINGS = NO;
				TARGETED_DEVICE_FAMILY = "1,2";
				TEST_HOST = "$(BUILT_PRODUCTS_DIR)/MRTodo-OC.app/$(BUNDLE_EXECUTABLE_FOLDER_PATH)/MRTodo-OC";
			};
			name = Debug;
		};
		BFE88A392C526EA300803443 /* Release */ = {
			isa = XCBuildConfiguration;
			buildSettings = {
				BUNDLE_LOADER = "$(TEST_HOST)";
				CODE_SIGN_STYLE = Automatic;
				CURRENT_PROJECT_VERSION = 1;
				DEVELOPMENT_TEAM = K94469B6F2;
				GENERATE_INFOPLIST_FILE = YES;
				IPHONEOS_DEPLOYMENT_TARGET = 18.0;
				MARKETING_VERSION = 1.0;
				PRODUCT_BUNDLE_IDENTIFIER = "MrSouthWall.MRTodo-OCTests";
				PRODUCT_NAME = "$(TARGET_NAME)";
				SWIFT_EMIT_LOC_STRINGS = NO;
				TARGETED_DEVICE_FAMILY = "1,2";
				TEST_HOST = "$(BUILT_PRODUCTS_DIR)/MRTodo-OC.app/$(BUNDLE_EXECUTABLE_FOLDER_PATH)/MRTodo-OC";
			};
			name = Release;
		};
		BFE88A3B2C526EA300803443 /* Debug */ = {
			isa = XCBuildConfiguration;
			buildSettings = {
				CODE_SIGN_STYLE = Automatic;
				CURRENT_PROJECT_VERSION = 1;
				DEVELOPMENT_TEAM = K94469B6F2;
				GENERATE_INFOPLIST_FILE = YES;
				MARKETING_VERSION = 1.0;
				PRODUCT_BUNDLE_IDENTIFIER = "MrSouthWall.MRTodo-OCUITests";
				PRODUCT_NAME = "$(TARGET_NAME)";
				SWIFT_EMIT_LOC_STRINGS = NO;
				TARGETED_DEVICE_FAMILY = "1,2";
				TEST_TARGET_NAME = "MRTodo-OC";
			};
			name = Debug;
		};
		BFE88A3C2C526EA300803443 /* Release */ = {
			isa = XCBuildConfiguration;
			buildSettings = {
				CODE_SIGN_STYLE = Automatic;
				CURRENT_PROJECT_VERSION = 1;
				DEVELOPMENT_TEAM = K94469B6F2;
				GENERATE_INFOPLIST_FILE = YES;
				MARKETING_VERSION = 1.0;
				PRODUCT_BUNDLE_IDENTIFIER = "MrSouthWall.MRTodo-OCUITests";
				PRODUCT_NAME = "$(TARGET_NAME)";
				SWIFT_EMIT_LOC_STRINGS = NO;
				TARGETED_DEVICE_FAMILY = "1,2";
				TEST_TARGET_NAME = "MRTodo-OC";
			};
			name = Release;
		};
/* End XCBuildConfiguration section */

/* Begin XCConfigurationList section */
		BFE889FB2C526EA100803443 /* Build configuration list for PBXProject "MRTodo-OC" */ = {
			isa = XCConfigurationList;
			buildConfigurations = (
				BFE88A352C526EA300803443 /* Debug */,
				BFE88A362C526EA300803443 /* Release */,
			);
			defaultConfigurationIsVisible = 0;
			defaultConfigurationName = Release;
		};
		BFE88A312C526EA300803443 /* Build configuration list for PBXNativeTarget "MRTodo-OC" */ = {
			isa = XCConfigurationList;
			buildConfigurations = (
				BFE88A322C526EA300803443 /* Debug */,
				BFE88A332C526EA300803443 /* Release */,
			);
			defaultConfigurationIsVisible = 0;
			defaultConfigurationName = Release;
		};
		BFE88A372C526EA300803443 /* Build configuration list for PBXNativeTarget "MRTodo-OCTests" */ = {
			isa = XCConfigurationList;
			buildConfigurations = (
				BFE88A382C526EA300803443 /* Debug */,
				BFE88A392C526EA300803443 /* Release */,
			);
			defaultConfigurationIsVisible = 0;
			defaultConfigurationName = Release;
		};
		BFE88A3A2C526EA300803443 /* Build configuration list for PBXNativeTarget "MRTodo-OCUITests" */ = {
			isa = XCConfigurationList;
			buildConfigurations = (
				BFE88A3B2C526EA300803443 /* Debug */,
				BFE88A3C2C526EA300803443 /* Release */,
			);
			defaultConfigurationIsVisible = 0;
			defaultConfigurationName = Release;
		};
/* End XCConfigurationList section */
	};
	rootObject = BFE889F82C526EA100803443 /* Project object */;
}
